
Microsoft Visual Studio Solution File, Format Version 12.00
# Visual Studio 14
VisualStudioVersion = 14.0.22609.0
MinimumVisualStudioVersion = 10.0.40219.1
Project("{FAE04EC0-301F-11D3-BF4B-00C04F79EFBC}") = "Cat Album", "Cat Album\Cat Album.csproj", "{A778450D-5827-4E82-A4EC-C59F0A69842E}"
EndProject
Project("{FAE04EC0-301F-11D3-BF4B-00C04F79EFBC}") = "Cat Album.Tests", "Cat Album.Tests\Cat Album.Tests.csproj", "{FB81C691-AF74-474D-BA68-AE23CB29F51F}"
EndProject
Global
	GlobalSection(SolutionConfigurationPlatforms) = preSolution
		Debug|Any CPU = Debug|Any CPU
		Release|Any CPU = Release|Any CPU
	EndGlobalSection
	GlobalSection(ProjectConfigurationPlatforms) = postSolution
		{A778450D-5827-4E82-A4EC-C59F0A69842E}.Debug|Any CPU.ActiveCfg = Debug|Any CPU
		{A778450D-5827-4E82-A4EC-C59F0A69842E}.Debug|Any CPU.Build.0 = Debug|Any CPU
		{A778450D-5827-4E82-A4EC-C59F0A69842E}.Release|Any CPU.ActiveCfg = Release|Any CPU
		{A778450D-5827-4E82-A4EC-C59F0A69842E}.Release|Any CPU.Build.0 = Release|Any CPU
		{FB81C691-AF74-474D-BA68-AE23CB29F51F}.Debug|Any CPU.ActiveCfg = Debug|Any CPU
		{FB81C691-AF74-474D-BA68-AE23CB29F51F}.Debug|Any CPU.Build.0 = Debug|Any CPU
		{FB81C691-AF74-474D-BA68-AE23CB29F51F}.Release|Any CPU.ActiveCfg = Release|Any CPU
		{FB81C691-AF74-474D-BA68-AE23CB29F51F}.Release|Any CPU.Build.0 = Release|Any CPU
	EndGlobalSection
	GlobalSection(SolutionProperties) = preSolution
		HideSolutionNode = FALSE
	EndGlobalSection
EndGlobal
